// !$*UTF8*$!
{
	archiveVersion = 1;
	classes = {
	};
	objectVersion = 52;
	objects = {

/* Begin PBXBuildFile section */
		AF4D6CBC236AD769001F5CFF /* AppDelegate.swift in Sources */ = {isa = PBXBuildFile; fileRef = AF4D6CBB236AD769001F5CFF /* AppDelegate.swift */; };
		AF4D6CBE236AD769001F5CFF /* SceneDelegate.swift in Sources */ = {isa = PBXBuildFile; fileRef = AF4D6CBD236AD769001F5CFF /* SceneDelegate.swift */; };
		AF4D6CC0236AD769001F5CFF /* ContentView.swift in Sources */ = {isa = PBXBuildFile; fileRef = AF4D6CBF236AD769001F5CFF /* ContentView.swift */; };
		AF4D6CC2236AD76E001F5CFF /* Assets.xcassets in Resources */ = {isa = PBXBuildFile; fileRef = AF4D6CC1236AD76E001F5CFF /* Assets.xcassets */; };
		AF4D6CC5236AD76E001F5CFF /* Preview Assets.xcassets in Resources */ = {isa = PBXBuildFile; fileRef = AF4D6CC4236AD76E001F5CFF /* Preview Assets.xcassets */; };
		AF4D6CC8236AD76E001F5CFF /* LaunchScreen.storyboard in Resources */ = {isa = PBXBuildFile; fileRef = AF4D6CC6236AD76E001F5CFF /* LaunchScreen.storyboard */; };
		AF4D6CD3236AD76E001F5CFF /* podbuddyTests.swift in Sources */ = {isa = PBXBuildFile; fileRef = AF4D6CD2236AD76E001F5CFF /* podbuddyTests.swift */; };
		AF4D6CDE236AD76E001F5CFF /* podbuddyUITests.swift in Sources */ = {isa = PBXBuildFile; fileRef = AF4D6CDD236AD76E001F5CFF /* podbuddyUITests.swift */; };
		AF4D6CEC236AD990001F5CFF /* ITunesSearchAPI.swift in Sources */ = {isa = PBXBuildFile; fileRef = AF4D6CEB236AD990001F5CFF /* ITunesSearchAPI.swift */; };
		AF4D6CEE236ADA51001F5CFF /* NetworkManager.swift in Sources */ = {isa = PBXBuildFile; fileRef = AF4D6CED236ADA51001F5CFF /* NetworkManager.swift */; };
		AF4D6CF0236AE555001F5CFF /* RemoteImage.swift in Sources */ = {isa = PBXBuildFile; fileRef = AF4D6CEF236AE555001F5CFF /* RemoteImage.swift */; };
		AF799BD6237015FD008A63AF /* FeedKit in Frameworks */ = {isa = PBXBuildFile; productRef = AF799BD5237015FD008A63AF /* FeedKit */; };
		AF799BD823701A12008A63AF /* Model.xcdatamodel in Sources */ = {isa = PBXBuildFile; fileRef = AF799BD723701A12008A63AF /* Model.xcdatamodel */; };
		AF799BDA23701CA0008A63AF /* FeedManager.swift in Sources */ = {isa = PBXBuildFile; fileRef = AF799BD923701CA0008A63AF /* FeedManager.swift */; };
		AF8B597C236F375700954715 /* CoreData.framework in Frameworks */ = {isa = PBXBuildFile; fileRef = AF8B597B236F375700954715 /* CoreData.framework */; };
		AFB71978236B340900D3E778 /* PodcastLibrary.swift in Sources */ = {isa = PBXBuildFile; fileRef = AFB71977236B340900D3E778 /* PodcastLibrary.swift */; };
		AFB7197A236B465C00D3E778 /* PodcastItem.swift in Sources */ = {isa = PBXBuildFile; fileRef = AFB71979236B465C00D3E778 /* PodcastItem.swift */; };
/* End PBXBuildFile section */

/* Begin PBXContainerItemProxy section */
		AF4D6CCF236AD76E001F5CFF /* PBXContainerItemProxy */ = {
			isa = PBXContainerItemProxy;
			containerPortal = AF4D6CB0236AD769001F5CFF /* Project object */;
			proxyType = 1;
			remoteGlobalIDString = AF4D6CB7236AD769001F5CFF;
			remoteInfo = podbuddy;
		};
		AF4D6CDA236AD76E001F5CFF /* PBXContainerItemProxy */ = {
			isa = PBXContainerItemProxy;
			containerPortal = AF4D6CB0236AD769001F5CFF /* Project object */;
			proxyType = 1;
			remoteGlobalIDString = AF4D6CB7236AD769001F5CFF;
			remoteInfo = podbuddy;
		};
/* End PBXContainerItemProxy section */

/* Begin PBXFileReference section */
		AF4D6CB8236AD769001F5CFF /* podbuddy.app */ = {isa = PBXFileReference; explicitFileType = wrapper.application; includeInIndex = 0; path = podbuddy.app; sourceTree = BUILT_PRODUCTS_DIR; };
		AF4D6CBB236AD769001F5CFF /* AppDelegate.swift */ = {isa = PBXFileReference; lastKnownFileType = sourcecode.swift; path = AppDelegate.swift; sourceTree = "<group>"; };
		AF4D6CBD236AD769001F5CFF /* SceneDelegate.swift */ = {isa = PBXFileReference; lastKnownFileType = sourcecode.swift; path = SceneDelegate.swift; sourceTree = "<group>"; };
		AF4D6CBF236AD769001F5CFF /* ContentView.swift */ = {isa = PBXFileReference; lastKnownFileType = sourcecode.swift; path = ContentView.swift; sourceTree = "<group>"; };
		AF4D6CC1236AD76E001F5CFF /* Assets.xcassets */ = {isa = PBXFileReference; lastKnownFileType = folder.assetcatalog; path = Assets.xcassets; sourceTree = "<group>"; };
		AF4D6CC4236AD76E001F5CFF /* Preview Assets.xcassets */ = {isa = PBXFileReference; lastKnownFileType = folder.assetcatalog; path = "Preview Assets.xcassets"; sourceTree = "<group>"; };
		AF4D6CC7236AD76E001F5CFF /* Base */ = {isa = PBXFileReference; lastKnownFileType = file.storyboard; name = Base; path = Base.lproj/LaunchScreen.storyboard; sourceTree = "<group>"; };
		AF4D6CC9236AD76E001F5CFF /* Info.plist */ = {isa = PBXFileReference; lastKnownFileType = text.plist.xml; path = Info.plist; sourceTree = "<group>"; };
		AF4D6CCE236AD76E001F5CFF /* podbuddyTests.xctest */ = {isa = PBXFileReference; explicitFileType = wrapper.cfbundle; includeInIndex = 0; path = podbuddyTests.xctest; sourceTree = BUILT_PRODUCTS_DIR; };
		AF4D6CD2236AD76E001F5CFF /* podbuddyTests.swift */ = {isa = PBXFileReference; lastKnownFileType = sourcecode.swift; path = podbuddyTests.swift; sourceTree = "<group>"; };
		AF4D6CD4236AD76E001F5CFF /* Info.plist */ = {isa = PBXFileReference; lastKnownFileType = text.plist.xml; path = Info.plist; sourceTree = "<group>"; };
		AF4D6CD9236AD76E001F5CFF /* podbuddyUITests.xctest */ = {isa = PBXFileReference; explicitFileType = wrapper.cfbundle; includeInIndex = 0; path = podbuddyUITests.xctest; sourceTree = BUILT_PRODUCTS_DIR; };
		AF4D6CDD236AD76E001F5CFF /* podbuddyUITests.swift */ = {isa = PBXFileReference; lastKnownFileType = sourcecode.swift; path = podbuddyUITests.swift; sourceTree = "<group>"; };
		AF4D6CDF236AD76E001F5CFF /* Info.plist */ = {isa = PBXFileReference; lastKnownFileType = text.plist.xml; path = Info.plist; sourceTree = "<group>"; };
		AF4D6CEB236AD990001F5CFF /* ITunesSearchAPI.swift */ = {isa = PBXFileReference; lastKnownFileType = sourcecode.swift; path = ITunesSearchAPI.swift; sourceTree = "<group>"; };
		AF4D6CED236ADA51001F5CFF /* NetworkManager.swift */ = {isa = PBXFileReference; lastKnownFileType = sourcecode.swift; path = NetworkManager.swift; sourceTree = "<group>"; };
		AF4D6CEF236AE555001F5CFF /* RemoteImage.swift */ = {isa = PBXFileReference; lastKnownFileType = sourcecode.swift; path = RemoteImage.swift; sourceTree = "<group>"; };
		AF799BD723701A12008A63AF /* Model.xcdatamodel */ = {isa = PBXFileReference; lastKnownFileType = wrapper.xcdatamodel; path = Model.xcdatamodel; sourceTree = "<group>"; };
		AF799BD923701CA0008A63AF /* FeedManager.swift */ = {isa = PBXFileReference; lastKnownFileType = sourcecode.swift; path = FeedManager.swift; sourceTree = "<group>"; };
		AF8B597B236F375700954715 /* CoreData.framework */ = {isa = PBXFileReference; lastKnownFileType = wrapper.framework; name = CoreData.framework; path = Platforms/MacOSX.platform/Developer/SDKs/MacOSX10.15.sdk/System/Library/Frameworks/CoreData.framework; sourceTree = DEVELOPER_DIR; };
		AFB71976236B321A00D3E778 /* podbuddy.entitlements */ = {isa = PBXFileReference; lastKnownFileType = text.plist.entitlements; path = podbuddy.entitlements; sourceTree = "<group>"; };
		AFB71977236B340900D3E778 /* PodcastLibrary.swift */ = {isa = PBXFileReference; lastKnownFileType = sourcecode.swift; path = PodcastLibrary.swift; sourceTree = "<group>"; };
		AFB71979236B465C00D3E778 /* PodcastItem.swift */ = {isa = PBXFileReference; lastKnownFileType = sourcecode.swift; path = PodcastItem.swift; sourceTree = "<group>"; };
/* End PBXFileReference section */

/* Begin PBXFrameworksBuildPhase section */
		AF4D6CB5236AD769001F5CFF /* Frameworks */ = {
			isa = PBXFrameworksBuildPhase;
			buildActionMask = 2147483647;
			files = (
				AF8B597C236F375700954715 /* CoreData.framework in Frameworks */,
				AF799BD6237015FD008A63AF /* FeedKit in Frameworks */,
			);
			runOnlyForDeploymentPostprocessing = 0;
		};
		AF4D6CCB236AD76E001F5CFF /* Frameworks */ = {
			isa = PBXFrameworksBuildPhase;
			buildActionMask = 2147483647;
			files = (
			);
			runOnlyForDeploymentPostprocessing = 0;
		};
		AF4D6CD6236AD76E001F5CFF /* Frameworks */ = {
			isa = PBXFrameworksBuildPhase;
			buildActionMask = 2147483647;
			files = (
			);
			runOnlyForDeploymentPostprocessing = 0;
		};
/* End PBXFrameworksBuildPhase section */

/* Begin PBXGroup section */
		AF4D6CAF236AD769001F5CFF = {
			isa = PBXGroup;
			children = (
				AF4D6CBA236AD769001F5CFF /* podbuddy */,
				AF4D6CD1236AD76E001F5CFF /* podbuddyTests */,
				AF4D6CDC236AD76E001F5CFF /* podbuddyUITests */,
				AF4D6CB9236AD769001F5CFF /* Products */,
				AF8B597A236F375700954715 /* Frameworks */,
			);
			sourceTree = "<group>";
		};
		AF4D6CB9236AD769001F5CFF /* Products */ = {
			isa = PBXGroup;
			children = (
				AF4D6CB8236AD769001F5CFF /* podbuddy.app */,
				AF4D6CCE236AD76E001F5CFF /* podbuddyTests.xctest */,
				AF4D6CD9236AD76E001F5CFF /* podbuddyUITests.xctest */,
			);
			name = Products;
			sourceTree = "<group>";
		};
		AF4D6CBA236AD769001F5CFF /* podbuddy */ = {
			isa = PBXGroup;
			children = (
				AFB71976236B321A00D3E778 /* podbuddy.entitlements */,
				AF4D6CEB236AD990001F5CFF /* ITunesSearchAPI.swift */,
				AF4D6CED236ADA51001F5CFF /* NetworkManager.swift */,
				AF799BD923701CA0008A63AF /* FeedManager.swift */,
				AF4D6CEF236AE555001F5CFF /* RemoteImage.swift */,
				AF4D6CBB236AD769001F5CFF /* AppDelegate.swift */,
				AF4D6CBD236AD769001F5CFF /* SceneDelegate.swift */,
				AF4D6CBF236AD769001F5CFF /* ContentView.swift */,
				AFB71979236B465C00D3E778 /* PodcastItem.swift */,
				AF799BD723701A12008A63AF /* Model.xcdatamodel */,
				AFB71977236B340900D3E778 /* PodcastLibrary.swift */,
				AF4D6CC1236AD76E001F5CFF /* Assets.xcassets */,
				AF4D6CC6236AD76E001F5CFF /* LaunchScreen.storyboard */,
				AF4D6CC9236AD76E001F5CFF /* Info.plist */,
				AF4D6CC3236AD76E001F5CFF /* Preview Content */,
			);
			path = podbuddy;
			sourceTree = "<group>";
		};
		AF4D6CC3236AD76E001F5CFF /* Preview Content */ = {
			isa = PBXGroup;
			children = (
				AF4D6CC4236AD76E001F5CFF /* Preview Assets.xcassets */,
			);
			path = "Preview Content";
			sourceTree = "<group>";
		};
		AF4D6CD1236AD76E001F5CFF /* podbuddyTests */ = {
			isa = PBXGroup;
			children = (
				AF4D6CD2236AD76E001F5CFF /* podbuddyTests.swift */,
				AF4D6CD4236AD76E001F5CFF /* Info.plist */,
			);
			path = podbuddyTests;
			sourceTree = "<group>";
		};
		AF4D6CDC236AD76E001F5CFF /* podbuddyUITests */ = {
			isa = PBXGroup;
			children = (
				AF4D6CDD236AD76E001F5CFF /* podbuddyUITests.swift */,
				AF4D6CDF236AD76E001F5CFF /* Info.plist */,
			);
			path = podbuddyUITests;
			sourceTree = "<group>";
		};
		AF8B597A236F375700954715 /* Frameworks */ = {
			isa = PBXGroup;
			children = (
				AF8B597B236F375700954715 /* CoreData.framework */,
			);
			name = Frameworks;
			sourceTree = "<group>";
		};
/* End PBXGroup section */

/* Begin PBXNativeTarget section */
		AF4D6CB7236AD769001F5CFF /* podbuddy */ = {
			isa = PBXNativeTarget;
			buildConfigurationList = AF4D6CE2236AD76E001F5CFF /* Build configuration list for PBXNativeTarget "podbuddy" */;
			buildPhases = (
				AF4D6CB4236AD769001F5CFF /* Sources */,
				AF4D6CB5236AD769001F5CFF /* Frameworks */,
				AF4D6CB6236AD769001F5CFF /* Resources */,
			);
			buildRules = (
			);
			dependencies = (
			);
			name = podbuddy;
			packageProductDependencies = (
				AF799BD5237015FD008A63AF /* FeedKit */,
			);
			productName = podbuddy;
			productReference = AF4D6CB8236AD769001F5CFF /* podbuddy.app */;
			productType = "com.apple.product-type.application";
		};
		AF4D6CCD236AD76E001F5CFF /* podbuddyTests */ = {
			isa = PBXNativeTarget;
			buildConfigurationList = AF4D6CE5236AD76E001F5CFF /* Build configuration list for PBXNativeTarget "podbuddyTests" */;
			buildPhases = (
				AF4D6CCA236AD76E001F5CFF /* Sources */,
				AF4D6CCB236AD76E001F5CFF /* Frameworks */,
				AF4D6CCC236AD76E001F5CFF /* Resources */,
			);
			buildRules = (
			);
			dependencies = (
				AF4D6CD0236AD76E001F5CFF /* PBXTargetDependency */,
			);
			name = podbuddyTests;
			productName = podbuddyTests;
			productReference = AF4D6CCE236AD76E001F5CFF /* podbuddyTests.xctest */;
			productType = "com.apple.product-type.bundle.unit-test";
		};
		AF4D6CD8236AD76E001F5CFF /* podbuddyUITests */ = {
			isa = PBXNativeTarget;
			buildConfigurationList = AF4D6CE8236AD76E001F5CFF /* Build configuration list for PBXNativeTarget "podbuddyUITests" */;
			buildPhases = (
				AF4D6CD5236AD76E001F5CFF /* Sources */,
				AF4D6CD6236AD76E001F5CFF /* Frameworks */,
				AF4D6CD7236AD76E001F5CFF /* Resources */,
			);
			buildRules = (
			);
			dependencies = (
				AF4D6CDB236AD76E001F5CFF /* PBXTargetDependency */,
			);
			name = podbuddyUITests;
			productName = podbuddyUITests;
			productReference = AF4D6CD9236AD76E001F5CFF /* podbuddyUITests.xctest */;
			productType = "com.apple.product-type.bundle.ui-testing";
		};
/* End PBXNativeTarget section */

/* Begin PBXProject section */
		AF4D6CB0236AD769001F5CFF /* Project object */ = {
			isa = PBXProject;
			attributes = {
				KnownAssetTags = (
					New,
				);
				LastSwiftUpdateCheck = 1110;
				LastUpgradeCheck = 1110;
				ORGANIZATIONNAME = "Casper Strömberg";
				TargetAttributes = {
					AF4D6CB7236AD769001F5CFF = {
						CreatedOnToolsVersion = 11.1;
					};
					AF4D6CCD236AD76E001F5CFF = {
						CreatedOnToolsVersion = 11.1;
						TestTargetID = AF4D6CB7236AD769001F5CFF;
					};
					AF4D6CD8236AD76E001F5CFF = {
						CreatedOnToolsVersion = 11.1;
						TestTargetID = AF4D6CB7236AD769001F5CFF;
					};
				};
			};
			buildConfigurationList = AF4D6CB3236AD769001F5CFF /* Build configuration list for PBXProject "podbuddy" */;
			compatibilityVersion = "Xcode 9.3";
			developmentRegion = en;
			hasScannedForEncodings = 0;
			knownRegions = (
				en,
				Base,
			);
			mainGroup = AF4D6CAF236AD769001F5CFF;
			packageReferences = (
				AF799BD4237015FD008A63AF /* XCRemoteSwiftPackageReference "FeedKit" */,
			);
			productRefGroup = AF4D6CB9236AD769001F5CFF /* Products */;
			projectDirPath = "";
			projectRoot = "";
			targets = (
				AF4D6CB7236AD769001F5CFF /* podbuddy */,
				AF4D6CCD236AD76E001F5CFF /* podbuddyTests */,
				AF4D6CD8236AD76E001F5CFF /* podbuddyUITests */,
			);
		};
/* End PBXProject section */

/* Begin PBXResourcesBuildPhase section */
		AF4D6CB6236AD769001F5CFF /* Resources */ = {
			isa = PBXResourcesBuildPhase;
			buildActionMask = 2147483647;
			files = (
				AF4D6CC8236AD76E001F5CFF /* LaunchScreen.storyboard in Resources */,
				AF4D6CC5236AD76E001F5CFF /* Preview Assets.xcassets in Resources */,
				AF4D6CC2236AD76E001F5CFF /* Assets.xcassets in Resources */,
			);
			runOnlyForDeploymentPostprocessing = 0;
		};
		AF4D6CCC236AD76E001F5CFF /* Resources */ = {
			isa = PBXResourcesBuildPhase;
			buildActionMask = 2147483647;
			files = (
			);
			runOnlyForDeploymentPostprocessing = 0;
		};
		AF4D6CD7236AD76E001F5CFF /* Resources */ = {
			isa = PBXResourcesBuildPhase;
			buildActionMask = 2147483647;
			files = (
			);
			runOnlyForDeploymentPostprocessing = 0;
		};
/* End PBXResourcesBuildPhase section */

/* Begin PBXSourcesBuildPhase section */
		AF4D6CB4236AD769001F5CFF /* Sources */ = {
			isa = PBXSourcesBuildPhase;
			buildActionMask = 2147483647;
			files = (
				AF799BD823701A12008A63AF /* Model.xcdatamodel in Sources */,
				AF4D6CEC236AD990001F5CFF /* ITunesSearchAPI.swift in Sources */,
				AFB7197A236B465C00D3E778 /* PodcastItem.swift in Sources */,
				AF4D6CBC236AD769001F5CFF /* AppDelegate.swift in Sources */,
				AF799BDA23701CA0008A63AF /* FeedManager.swift in Sources */,
				AF4D6CEE236ADA51001F5CFF /* NetworkManager.swift in Sources */,
				AF4D6CF0236AE555001F5CFF /* RemoteImage.swift in Sources */,
				AF4D6CBE236AD769001F5CFF /* SceneDelegate.swift in Sources */,
				AFB71978236B340900D3E778 /* PodcastLibrary.swift in Sources */,
				AF4D6CC0236AD769001F5CFF /* ContentView.swift in Sources */,
			);
			runOnlyForDeploymentPostprocessing = 0;
		};
		AF4D6CCA236AD76E001F5CFF /* Sources */ = {
			isa = PBXSourcesBuildPhase;
			buildActionMask = 2147483647;
			files = (
				AF4D6CD3236AD76E001F5CFF /* podbuddyTests.swift in Sources */,
			);
			runOnlyForDeploymentPostprocessing = 0;
		};
		AF4D6CD5236AD76E001F5CFF /* Sources */ = {
			isa = PBXSourcesBuildPhase;
			buildActionMask = 2147483647;
			files = (
				AF4D6CDE236AD76E001F5CFF /* podbuddyUITests.swift in Sources */,
			);
			runOnlyForDeploymentPostprocessing = 0;
		};
/* End PBXSourcesBuildPhase section */

/* Begin PBXTargetDependency section */
		AF4D6CD0236AD76E001F5CFF /* PBXTargetDependency */ = {
			isa = PBXTargetDependency;
			target = AF4D6CB7236AD769001F5CFF /* podbuddy */;
			targetProxy = AF4D6CCF236AD76E001F5CFF /* PBXContainerItemProxy */;
		};
		AF4D6CDB236AD76E001F5CFF /* PBXTargetDependency */ = {
			isa = PBXTargetDependency;
			target = AF4D6CB7236AD769001F5CFF /* podbuddy */;
			targetProxy = AF4D6CDA236AD76E001F5CFF /* PBXContainerItemProxy */;
		};
/* End PBXTargetDependency section */

/* Begin PBXVariantGroup section */
		AF4D6CC6236AD76E001F5CFF /* LaunchScreen.storyboard */ = {
			isa = PBXVariantGroup;
			children = (
				AF4D6CC7236AD76E001F5CFF /* Base */,
			);
			name = LaunchScreen.storyboard;
			sourceTree = "<group>";
		};
/* End PBXVariantGroup section */

/* Begin XCBuildConfiguration section */
		AF4D6CE0236AD76E001F5CFF /* Debug */ = {
			isa = XCBuildConfiguration;
			buildSettings = {
				ALWAYS_SEARCH_USER_PATHS = NO;
				CLANG_ANALYZER_NONNULL = YES;
				CLANG_ANALYZER_NUMBER_OBJECT_CONVERSION = YES_AGGRESSIVE;
				CLANG_CXX_LANGUAGE_STANDARD = "gnu++14";
				CLANG_CXX_LIBRARY = "libc++";
				CLANG_ENABLE_MODULES = YES;
				CLANG_ENABLE_OBJC_ARC = YES;
				CLANG_ENABLE_OBJC_WEAK = YES;
				CLANG_WARN_BLOCK_CAPTURE_AUTORELEASING = YES;
				CLANG_WARN_BOOL_CONVERSION = YES;
				CLANG_WARN_COMMA = YES;
				CLANG_WARN_CONSTANT_CONVERSION = YES;
				CLANG_WARN_DEPRECATED_OBJC_IMPLEMENTATIONS = YES;
				CLANG_WARN_DIRECT_OBJC_ISA_USAGE = YES_ERROR;
				CLANG_WARN_DOCUMENTATION_COMMENTS = YES;
				CLANG_WARN_EMPTY_BODY = YES;
				CLANG_WARN_ENUM_CONVERSION = YES;
				CLANG_WARN_INFINITE_RECURSION = YES;
				CLANG_WARN_INT_CONVERSION = YES;
				CLANG_WARN_NON_LITERAL_NULL_CONVERSION = YES;
				CLANG_WARN_OBJC_IMPLICIT_RETAIN_SELF = YES;
				CLANG_WARN_OBJC_LITERAL_CONVERSION = YES;
				CLANG_WARN_OBJC_ROOT_CLASS = YES_ERROR;
				CLANG_WARN_RANGE_LOOP_ANALYSIS = YES;
				CLANG_WARN_STRICT_PROTOTYPES = YES;
				CLANG_WARN_SUSPICIOUS_MOVE = YES;
				CLANG_WARN_UNGUARDED_AVAILABILITY = YES_AGGRESSIVE;
				CLANG_WARN_UNREACHABLE_CODE = YES;
				CLANG_WARN__DUPLICATE_METHOD_MATCH = YES;
				COPY_PHASE_STRIP = NO;
				DEBUG_INFORMATION_FORMAT = dwarf;
				ENABLE_STRICT_OBJC_MSGSEND = YES;
				ENABLE_TESTABILITY = YES;
				GCC_C_LANGUAGE_STANDARD = gnu11;
				GCC_DYNAMIC_NO_PIC = NO;
				GCC_NO_COMMON_BLOCKS = YES;
				GCC_OPTIMIZATION_LEVEL = 0;
				GCC_PREPROCESSOR_DEFINITIONS = (
					"DEBUG=1",
					"$(inherited)",
				);
				GCC_WARN_64_TO_32_BIT_CONVERSION = YES;
				GCC_WARN_ABOUT_RETURN_TYPE = YES_ERROR;
				GCC_WARN_UNDECLARED_SELECTOR = YES;
				GCC_WARN_UNINITIALIZED_AUTOS = YES_AGGRESSIVE;
				GCC_WARN_UNUSED_FUNCTION = YES;
				GCC_WARN_UNUSED_VARIABLE = YES;
				IPHONEOS_DEPLOYMENT_TARGET = 13.1;
				MTL_ENABLE_DEBUG_INFO = INCLUDE_SOURCE;
				MTL_FAST_MATH = YES;
				ONLY_ACTIVE_ARCH = YES;
				SDKROOT = iphoneos;
				SWIFT_ACTIVE_COMPILATION_CONDITIONS = DEBUG;
				SWIFT_OPTIMIZATION_LEVEL = "-Onone";
			};
			name = Debug;
		};
		AF4D6CE1236AD76E001F5CFF /* Release */ = {
			isa = XCBuildConfiguration;
			buildSettings = {
				ALWAYS_SEARCH_USER_PATHS = NO;
				CLANG_ANALYZER_NONNULL = YES;
				CLANG_ANALYZER_NUMBER_OBJECT_CONVERSION = YES_AGGRESSIVE;
				CLANG_CXX_LANGUAGE_STANDARD = "gnu++14";
				CLANG_CXX_LIBRARY = "libc++";
				CLANG_ENABLE_MODULES = YES;
				CLANG_ENABLE_OBJC_ARC = YES;
				CLANG_ENABLE_OBJC_WEAK = YES;
				CLANG_WARN_BLOCK_CAPTURE_AUTORELEASING = YES;
				CLANG_WARN_BOOL_CONVERSION = YES;
				CLANG_WARN_COMMA = YES;
				CLANG_WARN_CONSTANT_CONVERSION = YES;
				CLANG_WARN_DEPRECATED_OBJC_IMPLEMENTATIONS = YES;
				CLANG_WARN_DIRECT_OBJC_ISA_USAGE = YES_ERROR;
				CLANG_WARN_DOCUMENTATION_COMMENTS = YES;
				CLANG_WARN_EMPTY_BODY = YES;
				CLANG_WARN_ENUM_CONVERSION = YES;
				CLANG_WARN_INFINITE_RECURSION = YES;
				CLANG_WARN_INT_CONVERSION = YES;
				CLANG_WARN_NON_LITERAL_NULL_CONVERSION = YES;
				CLANG_WARN_OBJC_IMPLICIT_RETAIN_SELF = YES;
				CLANG_WARN_OBJC_LITERAL_CONVERSION = YES;
				CLANG_WARN_OBJC_ROOT_CLASS = YES_ERROR;
				CLANG_WARN_RANGE_LOOP_ANALYSIS = YES;
				CLANG_WARN_STRICT_PROTOTYPES = YES;
				CLANG_WARN_SUSPICIOUS_MOVE = YES;
				CLANG_WARN_UNGUARDED_AVAILABILITY = YES_AGGRESSIVE;
				CLANG_WARN_UNREACHABLE_CODE = YES;
				CLANG_WARN__DUPLICATE_METHOD_MATCH = YES;
				COPY_PHASE_STRIP = NO;
				DEBUG_INFORMATION_FORMAT = "dwarf-with-dsym";
				ENABLE_NS_ASSERTIONS = NO;
				ENABLE_STRICT_OBJC_MSGSEND = YES;
				GCC_C_LANGUAGE_STANDARD = gnu11;
				GCC_NO_COMMON_BLOCKS = YES;
				GCC_WARN_64_TO_32_BIT_CONVERSION = YES;
				GCC_WARN_ABOUT_RETURN_TYPE = YES_ERROR;
				GCC_WARN_UNDECLARED_SELECTOR = YES;
				GCC_WARN_UNINITIALIZED_AUTOS = YES_AGGRESSIVE;
				GCC_WARN_UNUSED_FUNCTION = YES;
				GCC_WARN_UNUSED_VARIABLE = YES;
				IPHONEOS_DEPLOYMENT_TARGET = 13.1;
				MTL_ENABLE_DEBUG_INFO = NO;
				MTL_FAST_MATH = YES;
				SDKROOT = iphoneos;
				SWIFT_COMPILATION_MODE = wholemodule;
				SWIFT_OPTIMIZATION_LEVEL = "-O";
				VALIDATE_PRODUCT = YES;
			};
			name = Release;
		};
		AF4D6CE3236AD76E001F5CFF /* Debug */ = {
			isa = XCBuildConfiguration;
			buildSettings = {
				ASSETCATALOG_COMPILER_APPICON_NAME = AppIcon;
				CODE_SIGN_ENTITLEMENTS = podbuddy/podbuddy.entitlements;
				"CODE_SIGN_IDENTITY[sdk=macosx*]" = "Apple Development";
				CODE_SIGN_STYLE = Automatic;
				DERIVE_MACCATALYST_PRODUCT_BUNDLE_IDENTIFIER = YES;
				DEVELOPMENT_ASSET_PATHS = "\"podbuddy/Preview Content\"";
				DEVELOPMENT_TEAM = 382YPWAUBA;
				ENABLE_PREVIEWS = YES;
				INFOPLIST_FILE = podbuddy/Info.plist;
				LD_RUNPATH_SEARCH_PATHS = (
					"$(inherited)",
					"@executable_path/Frameworks",
				);
				PRODUCT_BUNDLE_IDENTIFIER = casper.podbuddy;
				PRODUCT_NAME = "$(TARGET_NAME)";
				SUPPORTS_MACCATALYST = YES;
				SWIFT_VERSION = 5.0;
				TARGETED_DEVICE_FAMILY = "1,2";
			};
			name = Debug;
		};
		AF4D6CE4236AD76E001F5CFF /* Release */ = {
			isa = XCBuildConfiguration;
			buildSettings = {
				ASSETCATALOG_COMPILER_APPICON_NAME = AppIcon;
				CODE_SIGN_ENTITLEMENTS = podbuddy/podbuddy.entitlements;
				"CODE_SIGN_IDENTITY[sdk=macosx*]" = "-";
				CODE_SIGN_STYLE = Automatic;
				DERIVE_MACCATALYST_PRODUCT_BUNDLE_IDENTIFIER = YES;
				DEVELOPMENT_ASSET_PATHS = "\"podbuddy/Preview Content\"";
				DEVELOPMENT_TEAM = Q2GL33D29L;
				ENABLE_PREVIEWS = YES;
				INFOPLIST_FILE = podbuddy/Info.plist;
				LD_RUNPATH_SEARCH_PATHS = (
					"$(inherited)",
					"@executable_path/Frameworks",
				);
				PRODUCT_BUNDLE_IDENTIFIER = casper.podbuddy.barkh;
				PRODUCT_NAME = "$(TARGET_NAME)";
				SUPPORTS_MACCATALYST = YES;
				SWIFT_VERSION = 5.0;
				TARGETED_DEVICE_FAMILY = "1,2";
			};
			name = Release;
		};
		AF4D6CE6236AD76E001F5CFF /* Debug */ = {
			isa = XCBuildConfiguration;
			buildSettings = {
				ALWAYS_EMBED_SWIFT_STANDARD_LIBRARIES = YES;
				BUNDLE_LOADER = "$(TEST_HOST)";
				CODE_SIGN_STYLE = Automatic;
				DEVELOPMENT_TEAM = 382YPWAUBA;
				INFOPLIST_FILE = podbuddyTests/Info.plist;
				IPHONEOS_DEPLOYMENT_TARGET = 13.1;
				LD_RUNPATH_SEARCH_PATHS = (
					"$(inherited)",
					"@executable_path/Frameworks",
					"@loader_path/Frameworks",
				);
				PRODUCT_BUNDLE_IDENTIFIER = casper.podbuddyTests;
				PRODUCT_NAME = "$(TARGET_NAME)";
				SWIFT_VERSION = 5.0;
				TARGETED_DEVICE_FAMILY = "1,2";
				TEST_HOST = "$(BUILT_PRODUCTS_DIR)/podbuddy.app/podbuddy";
			};
			name = Debug;
		};
		AF4D6CE7236AD76E001F5CFF /* Release */ = {
			isa = XCBuildConfiguration;
			buildSettings = {
				ALWAYS_EMBED_SWIFT_STANDARD_LIBRARIES = YES;
				BUNDLE_LOADER = "$(TEST_HOST)";
				CODE_SIGN_STYLE = Automatic;
				INFOPLIST_FILE = podbuddyTests/Info.plist;
				IPHONEOS_DEPLOYMENT_TARGET = 13.1;
				LD_RUNPATH_SEARCH_PATHS = (
					"$(inherited)",
					"@executable_path/Frameworks",
					"@loader_path/Frameworks",
				);
				PRODUCT_BUNDLE_IDENTIFIER = casper.podbuddyTests;
				PRODUCT_NAME = "$(TARGET_NAME)";
				SWIFT_VERSION = 5.0;
				TARGETED_DEVICE_FAMILY = "1,2";
				TEST_HOST = "$(BUILT_PRODUCTS_DIR)/podbuddy.app/podbuddy";
			};
			name = Release;
		};
		AF4D6CE9236AD76E001F5CFF /* Debug */ = {
			isa = XCBuildConfiguration;
			buildSettings = {
				ALWAYS_EMBED_SWIFT_STANDARD_LIBRARIES = YES;
				CODE_SIGN_STYLE = Automatic;
				DEVELOPMENT_TEAM = 382YPWAUBA;
				INFOPLIST_FILE = podbuddyUITests/Info.plist;
				LD_RUNPATH_SEARCH_PATHS = (
					"$(inherited)",
					"@executable_path/Frameworks",
					"@loader_path/Frameworks",
				);
				PRODUCT_BUNDLE_IDENTIFIER = casper.podbuddyUITests;
				PRODUCT_NAME = "$(TARGET_NAME)";
				SWIFT_VERSION = 5.0;
				TARGETED_DEVICE_FAMILY = "1,2";
				TEST_TARGET_NAME = podbuddy;
			};
			name = Debug;
		};
		AF4D6CEA236AD76E001F5CFF /* Release */ = {
			isa = XCBuildConfiguration;
			buildSettings = {
				ALWAYS_EMBED_SWIFT_STANDARD_LIBRARIES = YES;
				CODE_SIGN_STYLE = Automatic;
				INFOPLIST_FILE = podbuddyUITests/Info.plist;
				LD_RUNPATH_SEARCH_PATHS = (
					"$(inherited)",
					"@executable_path/Frameworks",
					"@loader_path/Frameworks",
				);
				PRODUCT_BUNDLE_IDENTIFIER = casper.podbuddyUITests;
				PRODUCT_NAME = "$(TARGET_NAME)";
				SWIFT_VERSION = 5.0;
				TARGETED_DEVICE_FAMILY = "1,2";
				TEST_TARGET_NAME = podbuddy;
			};
			name = Release;
		};
/* End XCBuildConfiguration section */

/* Begin XCConfigurationList section */
		AF4D6CB3236AD769001F5CFF /* Build configuration list for PBXProject "podbuddy" */ = {
			isa = XCConfigurationList;
			buildConfigurations = (
				AF4D6CE0236AD76E001F5CFF /* Debug */,
				AF4D6CE1236AD76E001F5CFF /* Release */,
			);
			defaultConfigurationIsVisible = 0;
			defaultConfigurationName = Release;
		};
		AF4D6CE2236AD76E001F5CFF /* Build configuration list for PBXNativeTarget "podbuddy" */ = {
			isa = XCConfigurationList;
			buildConfigurations = (
				AF4D6CE3236AD76E001F5CFF /* Debug */,
				AF4D6CE4236AD76E001F5CFF /* Release */,
			);
			defaultConfigurationIsVisible = 0;
			defaultConfigurationName = Release;
		};
		AF4D6CE5236AD76E001F5CFF /* Build configuration list for PBXNativeTarget "podbuddyTests" */ = {
			isa = XCConfigurationList;
			buildConfigurations = (
				AF4D6CE6236AD76E001F5CFF /* Debug */,
				AF4D6CE7236AD76E001F5CFF /* Release */,
			);
			defaultConfigurationIsVisible = 0;
			defaultConfigurationName = Release;
		};
		AF4D6CE8236AD76E001F5CFF /* Build configuration list for PBXNativeTarget "podbuddyUITests" */ = {
			isa = XCConfigurationList;
			buildConfigurations = (
				AF4D6CE9236AD76E001F5CFF /* Debug */,
				AF4D6CEA236AD76E001F5CFF /* Release */,
			);
			defaultConfigurationIsVisible = 0;
			defaultConfigurationName = Release;
		};
/* End XCConfigurationList section */

/* Begin XCRemoteSwiftPackageReference section */
		AF799BD4237015FD008A63AF /* XCRemoteSwiftPackageReference "FeedKit" */ = {
			isa = XCRemoteSwiftPackageReference;
			repositoryURL = "git@github.com:nmdias/FeedKit.git";
			requirement = {
				kind = upToNextMajorVersion;
				minimumVersion = 9.0.0;
			};
		};
/* End XCRemoteSwiftPackageReference section */

/* Begin XCSwiftPackageProductDependency section */
		AF799BD5237015FD008A63AF /* FeedKit */ = {
			isa = XCSwiftPackageProductDependency;
			package = AF799BD4237015FD008A63AF /* XCRemoteSwiftPackageReference "FeedKit" */;
			productName = FeedKit;
		};
/* End XCSwiftPackageProductDependency section */
	};
	rootObject = AF4D6CB0236AD769001F5CFF /* Project object */;
}
